<?xml version="1.0" encoding="utf-8"?>
<Project ToolsVersion="4.0" xmlns="http://schemas.microsoft.com/developer/msbuild/2003">
  <ItemGroup>
    <Filter Include="inc">
      <UniqueIdentifier>{41ef5749-887d-4522-b5ed-b802aad6b8de}</UniqueIdentifier>
    </Filter>
  </ItemGroup>
  <ItemGroup>
    <ClInclude Include="..\inc\WindowsChar32RegexTraits.h">
      <Filter>inc</Filter>
    </ClInclude>
    <ClInclude Include="..\inc\utf.h">
      <Filter>inc</Filter>
    </ClInclude>
    <ClInclude Include="pch.h" />
    <ClInclude Include="RegEx.h" />
    <ClInclude Include="RegExFileStream.h" />
    <ClInclude Include="RegExLibrary.h" />
    <ClInclude Include="RegExMemoryStream.h" />
    <ClInclude Include="RegExMatchBase.h" />
    <ClInclude Include="RegExMatchEnumerator.h" />
    <ClInclude Include="RegExMatchResults.h" />
    <ClInclude Include="OutputSink.h" />
    <ClInclude Include="InputValidation.h" />
    <ClInclude Include="MatchEnumerator.h" />
  </ItemGroup>
  <ItemGroup>
    <ClCompile Include="pch.cpp" />
    <ClCompile Include="RegEx.cpp" />
    <ClCompile Include="RegExFileStream.cpp" />
    <ClCompile Include="RegExLibrary.cpp" />
    <ClCompile Include="RegExMemoryStream.cpp" />
    <ClCompile Include="RegExMatchBase.cpp" />
    <ClCompile Include="RegExMatchEnumerator.cpp" />
    <ClCompile Include="RegExMatchResults.cpp" />
    <ClCompile Include="RepStrRegExCheck.cpp" />
    <ClCompile Include="WindowsChar32RegexTraits.cpp" />
    <ClCompile Include="OutputSink.cpp" />
    <ClCompile Include="InputValidation.cpp" />
    <ClCompile Include="MatchEnumerator.cpp" />
  </ItemGroup>
  <ItemGroup>
    <Midl Include="..\inc\RepStrRegEx.idl">
      <Filter>inc</Filter>
    </Midl>
  </ItemGroup>
</Project>